// !$*UTF8*$!
{
	archiveVersion = 1;
	classes = {
	};
	objectVersion = 55;
	objects = {

/* Begin PBXBuildFile section */
		6B1EF7F029D5B30C002459C6 /* AppDelegate.swift in Sources */ = {isa = PBXBuildFile; fileRef = 6B1EF7EF29D5B30C002459C6 /* AppDelegate.swift */; };
		6B1EF7F229D5B30C002459C6 /* SceneDelegate.swift in Sources */ = {isa = PBXBuildFile; fileRef = 6B1EF7F129D5B30C002459C6 /* SceneDelegate.swift */; };
		6B1EF7F429D5B30C002459C6 /* ViewController.swift in Sources */ = {isa = PBXBuildFile; fileRef = 6B1EF7F329D5B30C002459C6 /* ViewController.swift */; };
		6B1EF7F729D5B30C002459C6 /* Main.storyboard in Resources */ = {isa = PBXBuildFile; fileRef = 6B1EF7F529D5B30C002459C6 /* Main.storyboard */; };
		6B1EF7FA29D5B30C002459C6 /* MyNotes.xcdatamodeld in Sources */ = {isa = PBXBuildFile; fileRef = 6B1EF7F829D5B30C002459C6 /* MyNotes.xcdatamodeld */; };
		6B1EF7FC29D5B30E002459C6 /* Assets.xcassets in Resources */ = {isa = PBXBuildFile; fileRef = 6B1EF7FB29D5B30E002459C6 /* Assets.xcassets */; };
		6B1EF7FF29D5B30E002459C6 /* LaunchScreen.storyboard in Resources */ = {isa = PBXBuildFile; fileRef = 6B1EF7FD29D5B30E002459C6 /* LaunchScreen.storyboard */; };
		6B1EF80729D5B323002459C6 /* Colors.xcassets in Resources */ = {isa = PBXBuildFile; fileRef = 6B1EF80629D5B323002459C6 /* Colors.xcassets */; };
		6B1EF80929D5D96D002459C6 /* AddDetailsViewController.swift in Sources */ = {isa = PBXBuildFile; fileRef = 6B1EF80829D5D96D002459C6 /* AddDetailsViewController.swift */; };
		6B2C516229D5DD4A00C507DF /* DatabaseViewModel.swift in Sources */ = {isa = PBXBuildFile; fileRef = 6B2C516129D5DD4A00C507DF /* DatabaseViewModel.swift */; };
		6B2C516429D5DDC400C507DF /* MyNotesTableViewCell.swift in Sources */ = {isa = PBXBuildFile; fileRef = 6B2C516329D5DDC400C507DF /* MyNotesTableViewCell.swift */; };
		6B2C516629D5DE1E00C507DF /* CommonExtension.swift in Sources */ = {isa = PBXBuildFile; fileRef = 6B2C516529D5DE1E00C507DF /* CommonExtension.swift */; };
/* End PBXBuildFile section */

/* Begin PBXFileReference section */
		6B1EF7EC29D5B30C002459C6 /* MyNotes.app */ = {isa = PBXFileReference; explicitFileType = wrapper.application; includeInIndex = 0; path = MyNotes.app; sourceTree = BUILT_PRODUCTS_DIR; };
		6B1EF7EF29D5B30C002459C6 /* AppDelegate.swift */ = {isa = PBXFileReference; lastKnownFileType = sourcecode.swift; path = AppDelegate.swift; sourceTree = "<group>"; };
		6B1EF7F129D5B30C002459C6 /* SceneDelegate.swift */ = {isa = PBXFileReference; lastKnownFileType = sourcecode.swift; path = SceneDelegate.swift; sourceTree = "<group>"; };
		6B1EF7F329D5B30C002459C6 /* ViewController.swift */ = {isa = PBXFileReference; lastKnownFileType = sourcecode.swift; path = ViewController.swift; sourceTree = "<group>"; };
		6B1EF7F629D5B30C002459C6 /* Base */ = {isa = PBXFileReference; lastKnownFileType = file.storyboard; name = Base; path = Base.lproj/Main.storyboard; sourceTree = "<group>"; };
		6B1EF7F929D5B30C002459C6 /* MyNotes.xcdatamodel */ = {isa = PBXFileReference; lastKnownFileType = wrapper.xcdatamodel; path = MyNotes.xcdatamodel; sourceTree = "<group>"; };
		6B1EF7FB29D5B30E002459C6 /* Assets.xcassets */ = {isa = PBXFileReference; lastKnownFileType = folder.assetcatalog; path = Assets.xcassets; sourceTree = "<group>"; };
		6B1EF7FE29D5B30E002459C6 /* Base */ = {isa = PBXFileReference; lastKnownFileType = file.storyboard; name = Base; path = Base.lproj/LaunchScreen.storyboard; sourceTree = "<group>"; };
		6B1EF80029D5B30E002459C6 /* Info.plist */ = {isa = PBXFileReference; lastKnownFileType = text.plist.xml; path = Info.plist; sourceTree = "<group>"; };
		6B1EF80629D5B323002459C6 /* Colors.xcassets */ = {isa = PBXFileReference; lastKnownFileType = folder.assetcatalog; path = Colors.xcassets; sourceTree = "<group>"; };
		6B1EF80829D5D96D002459C6 /* AddDetailsViewController.swift */ = {isa = PBXFileReference; lastKnownFileType = sourcecode.swift; path = AddDetailsViewController.swift; sourceTree = "<group>"; };
		6B2C516129D5DD4A00C507DF /* DatabaseViewModel.swift */ = {isa = PBXFileReference; lastKnownFileType = sourcecode.swift; path = DatabaseViewModel.swift; sourceTree = "<group>"; };
		6B2C516329D5DDC400C507DF /* MyNotesTableViewCell.swift */ = {isa = PBXFileReference; lastKnownFileType = sourcecode.swift; path = MyNotesTableViewCell.swift; sourceTree = "<group>"; };
		6B2C516529D5DE1E00C507DF /* CommonExtension.swift */ = {isa = PBXFileReference; lastKnownFileType = sourcecode.swift; path = CommonExtension.swift; sourceTree = "<group>"; };
/* End PBXFileReference section */

/* Begin PBXFrameworksBuildPhase section */
		6B1EF7E929D5B30C002459C6 /* Frameworks */ = {
			isa = PBXFrameworksBuildPhase;
			buildActionMask = 2147483647;
			files = (
			);
			runOnlyForDeploymentPostprocessing = 0;
		};
/* End PBXFrameworksBuildPhase section */

/* Begin PBXGroup section */
		6B1EF7E329D5B30C002459C6 = {
			isa = PBXGroup;
			children = (
				6B1EF7EE29D5B30C002459C6 /* MyNotes */,
				6B1EF7ED29D5B30C002459C6 /* Products */,
			);
			sourceTree = "<group>";
		};
		6B1EF7ED29D5B30C002459C6 /* Products */ = {
			isa = PBXGroup;
			children = (
				6B1EF7EC29D5B30C002459C6 /* MyNotes.app */,
			);
			name = Products;
			sourceTree = "<group>";
		};
		6B1EF7EE29D5B30C002459C6 /* MyNotes */ = {
			isa = PBXGroup;
			children = (
				6B1EF7EF29D5B30C002459C6 /* AppDelegate.swift */,
				6B1EF7F129D5B30C002459C6 /* SceneDelegate.swift */,
				6BE2CEEB29D5F70C00FB5300 /* Controller */,
				6BE2CEEC29D5F75600FB5300 /* View */,
				6BE2CEED29D5F78900FB5300 /* Extension */,
				6BE2CEEE29D5F7AE00FB5300 /* ViewModel */,
				6B1EF7F529D5B30C002459C6 /* Main.storyboard */,
				6B1EF7FB29D5B30E002459C6 /* Assets.xcassets */,
				6B1EF80629D5B323002459C6 /* Colors.xcassets */,
				6B1EF7FD29D5B30E002459C6 /* LaunchScreen.storyboard */,
				6B1EF80029D5B30E002459C6 /* Info.plist */,
				6B1EF7F829D5B30C002459C6 /* MyNotes.xcdatamodeld */,
			);
			path = MyNotes;
			sourceTree = "<group>";
		};
		6BE2CEEB29D5F70C00FB5300 /* Controller */ = {
			isa = PBXGroup;
			children = (
				6B1EF7F329D5B30C002459C6 /* ViewController.swift */,
				6B1EF80829D5D96D002459C6 /* AddDetailsViewController.swift */,
			);
			path = Controller;
			sourceTree = "<group>";
		};
		6BE2CEEC29D5F75600FB5300 /* View */ = {
			isa = PBXGroup;
			children = (
				6B2C516329D5DDC400C507DF /* MyNotesTableViewCell.swift */,
			);
			path = View;
			sourceTree = "<group>";
		};
		6BE2CEED29D5F78900FB5300 /* Extension */ = {
			isa = PBXGroup;
			children = (
				6B2C516529D5DE1E00C507DF /* CommonExtension.swift */,
			);
			path = Extension;
			sourceTree = "<group>";
		};
		6BE2CEEE29D5F7AE00FB5300 /* ViewModel */ = {
			isa = PBXGroup;
			children = (
				6B2C516129D5DD4A00C507DF /* DatabaseViewModel.swift */,
			);
			path = ViewModel;
			sourceTree = "<group>";
		};
/* End PBXGroup section */

/* Begin PBXNativeTarget section */
		6B1EF7EB29D5B30C002459C6 /* MyNotes */ = {
			isa = PBXNativeTarget;
			buildConfigurationList = 6B1EF80329D5B30E002459C6 /* Build configuration list for PBXNativeTarget "MyNotes" */;
			buildPhases = (
				6B1EF7E829D5B30C002459C6 /* Sources */,
				6B1EF7E929D5B30C002459C6 /* Frameworks */,
				6B1EF7EA29D5B30C002459C6 /* Resources */,
			);
			buildRules = (
			);
			dependencies = (
			);
			name = MyNotes;
			productName = MyNotes;
			productReference = 6B1EF7EC29D5B30C002459C6 /* MyNotes.app */;
			productType = "com.apple.product-type.application";
		};
/* End PBXNativeTarget section */

/* Begin PBXProject section */
		6B1EF7E429D5B30C002459C6 /* Project object */ = {
			isa = PBXProject;
			attributes = {
				BuildIndependentTargetsInParallel = 1;
				LastSwiftUpdateCheck = 1340;
				LastUpgradeCheck = 1340;
				TargetAttributes = {
					6B1EF7EB29D5B30C002459C6 = {
						CreatedOnToolsVersion = 13.4.1;
					};
				};
			};
			buildConfigurationList = 6B1EF7E729D5B30C002459C6 /* Build configuration list for PBXProject "MyNotes" */;
			compatibilityVersion = "Xcode 13.0";
			developmentRegion = en;
			hasScannedForEncodings = 0;
			knownRegions = (
				en,
				Base,
			);
			mainGroup = 6B1EF7E329D5B30C002459C6;
			productRefGroup = 6B1EF7ED29D5B30C002459C6 /* Products */;
			projectDirPath = "";
			projectRoot = "";
			targets = (
				6B1EF7EB29D5B30C002459C6 /* MyNotes */,
			);
		};
/* End PBXProject section */

/* Begin PBXResourcesBuildPhase section */
		6B1EF7EA29D5B30C002459C6 /* Resources */ = {
			isa = PBXResourcesBuildPhase;
			buildActionMask = 2147483647;
			files = (
				6B1EF7FF29D5B30E002459C6 /* LaunchScreen.storyboard in Resources */,
				6B1EF80729D5B323002459C6 /* Colors.xcassets in Resources */,
				6B1EF7FC29D5B30E002459C6 /* Assets.xcassets in Resources */,
				6B1EF7F729D5B30C002459C6 /* Main.storyboard in Resources */,
			);
			runOnlyForDeploymentPostprocessing = 0;
		};
/* End PBXResourcesBuildPhase section */

/* Begin PBXSourcesBuildPhase section */
		6B1EF7E829D5B30C002459C6 /* Sources */ = {
			isa = PBXSourcesBuildPhase;
			buildActionMask = 2147483647;
			files = (
				6B1EF80929D5D96D002459C6 /* AddDetailsViewController.swift in Sources */,
				6B1EF7F429D5B30C002459C6 /* ViewController.swift in Sources */,
				6B1EF7F029D5B30C002459C6 /* AppDelegate.swift in Sources */,
				6B2C516229D5DD4A00C507DF /* DatabaseViewModel.swift in Sources */,
				6B2C516429D5DDC400C507DF /* MyNotesTableViewCell.swift in Sources */,
				6B1EF7F229D5B30C002459C6 /* SceneDelegate.swift in Sources */,
				6B2C516629D5DE1E00C507DF /* CommonExtension.swift in Sources */,
				6B1EF7FA29D5B30C002459C6 /* MyNotes.xcdatamodeld in Sources */,
			);
			runOnlyForDeploymentPostprocessing = 0;
		};
/* End PBXSourcesBuildPhase section */

/* Begin PBXVariantGroup section */
		6B1EF7F529D5B30C002459C6 /* Main.storyboard */ = {
			isa = PBXVariantGroup;
			children = (
				6B1EF7F629D5B30C002459C6 /* Base */,
			);
			name = Main.storyboard;
			sourceTree = "<group>";
		};
		6B1EF7FD29D5B30E002459C6 /* LaunchScreen.storyboard */ = {
			isa = PBXVariantGroup;
			children = (
				6B1EF7FE29D5B30E002459C6 /* Base */,
			);
			name = LaunchScreen.storyboard;
			sourceTree = "<group>";
		};
/* End PBXVariantGroup section */

/* Begin XCBuildConfiguration section */
		6B1EF80129D5B30E002459C6 /* Debug */ = {
			isa = XCBuildConfiguration;
			buildSettings = {
				ALWAYS_SEARCH_USER_PATHS = NO;
				CLANG_ANALYZER_NONNULL = YES;
				CLANG_ANALYZER_NUMBER_OBJECT_CONVERSION = YES_AGGRESSIVE;
				CLANG_CXX_LANGUAGE_STANDARD = "gnu++17";
				CLANG_ENABLE_MODULES = YES;
				CLANG_ENABLE_OBJC_ARC = YES;
				CLANG_ENABLE_OBJC_WEAK = YES;
				CLANG_WARN_BLOCK_CAPTURE_AUTORELEASING = YES;
				CLANG_WARN_BOOL_CONVERSION = YES;
				CLANG_WARN_COMMA = YES;
				CLANG_WARN_CONSTANT_CONVERSION = YES;
				CLANG_WARN_DEPRECATED_OBJC_IMPLEMENTATIONS = YES;
				CLANG_WARN_DIRECT_OBJC_ISA_USAGE = YES_ERROR;
				CLANG_WARN_DOCUMENTATION_COMMENTS = YES;
				CLANG_WARN_EMPTY_BODY = YES;
				CLANG_WARN_ENUM_CONVERSION = YES;
				CLANG_WARN_INFINITE_RECURSION = YES;
				CLANG_WARN_INT_CONVERSION = YES;
				CLANG_WARN_NON_LITERAL_NULL_CONVERSION = YES;
				CLANG_WARN_OBJC_IMPLICIT_RETAIN_SELF = YES;
				CLANG_WARN_OBJC_LITERAL_CONVERSION = YES;
				CLANG_WARN_OBJC_ROOT_CLASS = YES_ERROR;
				CLANG_WARN_QUOTED_INCLUDE_IN_FRAMEWORK_HEADER = YES;
				CLANG_WARN_RANGE_LOOP_ANALYSIS = YES;
				CLANG_WARN_STRICT_PROTOTYPES = YES;
				CLANG_WARN_SUSPICIOUS_MOVE = YES;
				CLANG_WARN_UNGUARDED_AVAILABILITY = YES_AGGRESSIVE;
				CLANG_WARN_UNREACHABLE_CODE = YES;
				CLANG_WARN__DUPLICATE_METHOD_MATCH = YES;
				COPY_PHASE_STRIP = NO;
				DEBUG_INFORMATION_FORMAT = dwarf;
				ENABLE_STRICT_OBJC_MSGSEND = YES;
				ENABLE_TESTABILITY = YES;
				GCC_C_LANGUAGE_STANDARD = gnu11;
				GCC_DYNAMIC_NO_PIC = NO;
				GCC_NO_COMMON_BLOCKS = YES;
				GCC_OPTIMIZATION_LEVEL = 0;
				GCC_PREPROCESSOR_DEFINITIONS = (
					"DEBUG=1",
					"$(inherited)",
				);
				GCC_WARN_64_TO_32_BIT_CONVERSION = YES;
				GCC_WARN_ABOUT_RETURN_TYPE = YES_ERROR;
				GCC_WARN_UNDECLARED_SELECTOR = YES;
				GCC_WARN_UNINITIALIZED_AUTOS = YES_AGGRESSIVE;
				GCC_WARN_UNUSED_FUNCTION = YES;
				GCC_WARN_UNUSED_VARIABLE = YES;
				IPHONEOS_DEPLOYMENT_TARGET = 15.0;
				MTL_ENABLE_DEBUG_INFO = INCLUDE_SOURCE;
				MTL_FAST_MATH = YES;
				ONLY_ACTIVE_ARCH = YES;
				SDKROOT = iphoneos;
				SWIFT_ACTIVE_COMPILATION_CONDITIONS = DEBUG;
				SWIFT_OPTIMIZATION_LEVEL = "-Onone";
			};
			name = Debug;
		};
		6B1EF80229D5B30E002459C6 /* Release */ = {
			isa = XCBuildConfiguration;
			buildSettings = {
				ALWAYS_SEARCH_USER_PATHS = NO;
				CLANG_ANALYZER_NONNULL = YES;
				CLANG_ANALYZER_NUMBER_OBJECT_CONVERSION = YES_AGGRESSIVE;
				CLANG_CXX_LANGUAGE_STANDARD = "gnu++17";
				CLANG_ENABLE_MODULES = YES;
				CLANG_ENABLE_OBJC_ARC = YES;
				CLANG_ENABLE_OBJC_WEAK = YES;
				CLANG_WARN_BLOCK_CAPTURE_AUTORELEASING = YES;
				CLANG_WARN_BOOL_CONVERSION = YES;
				CLANG_WARN_COMMA = YES;
				CLANG_WARN_CONSTANT_CONVERSION = YES;
				CLANG_WARN_DEPRECATED_OBJC_IMPLEMENTATIONS = YES;
				CLANG_WARN_DIRECT_OBJC_ISA_USAGE = YES_ERROR;
				CLANG_WARN_DOCUMENTATION_COMMENTS = YES;
				CLANG_WARN_EMPTY_BODY = YES;
				CLANG_WARN_ENUM_CONVERSION = YES;
				CLANG_WARN_INFINITE_RECURSION = YES;
				CLANG_WARN_INT_CONVERSION = YES;
				CLANG_WARN_NON_LITERAL_NULL_CONVERSION = YES;
				CLANG_WARN_OBJC_IMPLICIT_RETAIN_SELF = YES;
				CLANG_WARN_OBJC_LITERAL_CONVERSION = YES;
				CLANG_WARN_OBJC_ROOT_CLASS = YES_ERROR;
				CLANG_WARN_QUOTED_INCLUDE_IN_FRAMEWORK_HEADER = YES;
				CLANG_WARN_RANGE_LOOP_ANALYSIS = YES;
				CLANG_WARN_STRICT_PROTOTYPES = YES;
				CLANG_WARN_SUSPICIOUS_MOVE = YES;
				CLANG_WARN_UNGUARDED_AVAILABILITY = YES_AGGRESSIVE;
				CLANG_WARN_UNREACHABLE_CODE = YES;
				CLANG_WARN__DUPLICATE_METHOD_MATCH = YES;
				COPY_PHASE_STRIP = NO;
				DEBUG_INFORMATION_FORMAT = "dwarf-with-dsym";
				ENABLE_NS_ASSERTIONS = NO;
				ENABLE_STRICT_OBJC_MSGSEND = YES;
				GCC_C_LANGUAGE_STANDARD = gnu11;
				GCC_NO_COMMON_BLOCKS = YES;
				GCC_WARN_64_TO_32_BIT_CONVERSION = YES;
				GCC_WARN_ABOUT_RETURN_TYPE = YES_ERROR;
				GCC_WARN_UNDECLARED_SELECTOR = YES;
				GCC_WARN_UNINITIALIZED_AUTOS = YES_AGGRESSIVE;
				GCC_WARN_UNUSED_FUNCTION = YES;
				GCC_WARN_UNUSED_VARIABLE = YES;
				IPHONEOS_DEPLOYMENT_TARGET = 15.0;
				MTL_ENABLE_DEBUG_INFO = NO;
				MTL_FAST_MATH = YES;
				SDKROOT = iphoneos;
				SWIFT_COMPILATION_MODE = wholemodule;
				SWIFT_OPTIMIZATION_LEVEL = "-O";
				VALIDATE_PRODUCT = YES;
			};
			name = Release;
		};
		6B1EF80429D5B30E002459C6 /* Debug */ = {
			isa = XCBuildConfiguration;
			buildSettings = {
				ASSETCATALOG_COMPILER_APPICON_NAME = AppIcon;
				ASSETCATALOG_COMPILER_GLOBAL_ACCENT_COLOR_NAME = AccentColor;
				CODE_SIGN_STYLE = Automatic;
				CURRENT_PROJECT_VERSION = 1;
				DEVELOPMENT_TEAM = YGNV33588L;
				GENERATE_INFOPLIST_FILE = YES;
				INFOPLIST_FILE = MyNotes/Info.plist;
				INFOPLIST_KEY_UIApplicationSupportsIndirectInputEvents = YES;
				INFOPLIST_KEY_UILaunchStoryboardName = LaunchScreen;
				INFOPLIST_KEY_UIMainStoryboardFile = Main;
				INFOPLIST_KEY_UISupportedInterfaceOrientations_iPad = "UIInterfaceOrientationPortrait UIInterfaceOrientationPortraitUpsideDown UIInterfaceOrientationLandscapeLeft UIInterfaceOrientationLandscapeRight";
				INFOPLIST_KEY_UISupportedInterfaceOrientations_iPhone = "UIInterfaceOrientationPortrait UIInterfaceOrientationLandscapeLeft UIInterfaceOrientationLandscapeRight";
				LD_RUNPATH_SEARCH_PATHS = (
					"$(inherited)",
					"@executable_path/Frameworks",
				);
				MARKETING_VERSION = 1.0;
				PRODUCT_BUNDLE_IDENTIFIER = project.MyNotes;
				PRODUCT_NAME = "$(TARGET_NAME)";
				SWIFT_EMIT_LOC_STRINGS = YES;
				SWIFT_VERSION = 5.0;
				TARGETED_DEVICE_FAMILY = "1,2";
			};
			name = Debug;
		};
		6B1EF80529D5B30E002459C6 /* Release */ = {
			isa = XCBuildConfiguration;
			buildSettings = {
				ASSETCATALOG_COMPILER_APPICON_NAME = AppIcon;
				ASSETCATALOG_COMPILER_GLOBAL_ACCENT_COLOR_NAME = AccentColor;
				CODE_SIGN_STYLE = Automatic;
				CURRENT_PROJECT_VERSION = 1;
				DEVELOPMENT_TEAM = YGNV33588L;
				GENERATE_INFOPLIST_FILE = YES;
				INFOPLIST_FILE = MyNotes/Info.plist;
				INFOPLIST_KEY_UIApplicationSupportsIndirectInputEvents = YES;
				INFOPLIST_KEY_UILaunchStoryboardName = LaunchScreen;
				INFOPLIST_KEY_UIMainStoryboardFile = Main;
				INFOPLIST_KEY_UISupportedInterfaceOrientations_iPad = "UIInterfaceOrientationPortrait UIInterfaceOrientationPortraitUpsideDown UIInterfaceOrientationLandscapeLeft UIInterfaceOrientationLandscapeRight";
				INFOPLIST_KEY_UISupportedInterfaceOrientations_iPhone = "UIInterfaceOrientationPortrait UIInterfaceOrientationLandscapeLeft UIInterfaceOrientationLandscapeRight";
				LD_RUNPATH_SEARCH_PATHS = (
					"$(inherited)",
					"@executable_path/Frameworks",
				);
				MARKETING_VERSION = 1.0;
				PRODUCT_BUNDLE_IDENTIFIER = project.MyNotes;
				PRODUCT_NAME = "$(TARGET_NAME)";
				SWIFT_EMIT_LOC_STRINGS = YES;
				SWIFT_VERSION = 5.0;
				TARGETED_DEVICE_FAMILY = "1,2";
			};
			name = Release;
		};
/* End XCBuildConfiguration section */

/* Begin XCConfigurationList section */
		6B1EF7E729D5B30C002459C6 /* Build configuration list for PBXProject "MyNotes" */ = {
			isa = XCConfigurationList;
			buildConfigurations = (
				6B1EF80129D5B30E002459C6 /* Debug */,
				6B1EF80229D5B30E002459C6 /* Release */,
			);
			defaultConfigurationIsVisible = 0;
			defaultConfigurationName = Release;
		};
		6B1EF80329D5B30E002459C6 /* Build configuration list for PBXNativeTarget "MyNotes" */ = {
			isa = XCConfigurationList;
			buildConfigurations = (
				6B1EF80429D5B30E002459C6 /* Debug */,
				6B1EF80529D5B30E002459C6 /* Release */,
			);
			defaultConfigurationIsVisible = 0;
			defaultConfigurationName = Release;
		};
/* End XCConfigurationList section */

/* Begin XCVersionGroup section */
		6B1EF7F829D5B30C002459C6 /* MyNotes.xcdatamodeld */ = {
			isa = XCVersionGroup;
			children = (
				6B1EF7F929D5B30C002459C6 /* MyNotes.xcdatamodel */,
			);
			currentVersion = 6B1EF7F929D5B30C002459C6 /* MyNotes.xcdatamodel */;
			path = MyNotes.xcdatamodeld;
			sourceTree = "<group>";
			versionGroupType = wrapper.xcdatamodel;
		};
/* End XCVersionGroup section */
	};
	rootObject = 6B1EF7E429D5B30C002459C6 /* Project object */;
}
